PODS:
  - HMSegmentedControl (1.5.2)
  - THSegmentedPager (1.1.3):
    - HMSegmentedControl (~> 1.5.2)

DEPENDENCIES:
  - HMSegmentedControl (~> 1.5.2)
  - THSegmentedPager (from `../../THSegmentedPager`)

SPEC REPOS:
  https://github.com/cocoapods/specs.git:
    - HMSegmentedControl

EXTERNAL SOURCES:
  THSegmentedPager:
    :path: "../../THSegmentedPager"

SPEC CHECKSUMS:
  HMSegmentedControl: 83b9686022d2176fb6457d2bdb61e5d6393fed7d
  THSegmentedPager: 9d4fb2acc78d77246caf1e71d2e878bf5977b904

PODFILE CHECKSUM: cffdfa023d219904e45fbdc538003edee0b4a965

COCOAPODS: 1.9.3
