PODS:
  - HMSegmentedControl (1.5.6)
  - THSegmentedPager (1.1.4):
    - HMSegmentedControl (~> 1.5.2)

DEPENDENCIES:
  - HMSegmentedControl (~> 1.5.6)
  - THSegmentedPager (from `../../THSegmentedPager`)

SPEC REPOS:
  trunk:
    - HMSegmentedControl

EXTERNAL SOURCES:
  THSegmentedPager:
    :path: "../../THSegmentedPager"

SPEC CHECKSUMS:
  HMSegmentedControl: 34c1f54d822d8308e7b24f5d901ec674dfa31352
  THSegmentedPager: 38002ba74613cacb1335656fd11f1df9a206cb2e

PODFILE CHECKSUM: c54a2cfda619f70675e4826e638d996cc0747497

COCOAPODS: 1.10.0.rc.1
